
Microsoft Visual Studio Solution File, Format Version 12.00
# Visual Studio 2013
VisualStudioVersion = 12.0.0.0
MinimumVisualStudioVersion = 10.0.0.1
Project("{FAE04EC0-301F-11D3-BF4B-00C04F79EFBC}") = "Algorithms_Datastructures", "Algorithms-Datastructures.csproj", "{4514EDEC-AC36-419A-B1EC-E0FBC758C2D9}"
EndProject
Project("{FAE04EC0-301F-11D3-BF4B-00C04F79EFBC}") = "StrategyPattern", "StrategyPattern\StrategyPattern.csproj", "{947F2BB2-590E-4E4D-AB2E-12BE5FC3FCC6}"
EndProject
Project("{FAE04EC0-301F-11D3-BF4B-00C04F79EFBC}") = "ObserverPattern", "ObserverPattern\ObserverPattern.csproj", "{98575CC5-1323-4060-BD41-39D5E1A034BB}"
EndProject
Project("{FAE04EC0-301F-11D3-BF4B-00C04F79EFBC}") = "CommandPattern", "CommandPattern\CommandPattern.csproj", "{812492C7-1CFC-4AF8-9399-06EBC3718660}"
EndProject
Project("{FAE04EC0-301F-11D3-BF4B-00C04F79EFBC}") = "MathStorage", "MathStorage\MathStorage.csproj", "{0C8A73B2-4B68-4D5E-9CFF-7F6C6AA74B41}"
EndProject
Project("{FAE04EC0-301F-11D3-BF4B-00C04F79EFBC}") = "CompositePattern", "CompositePattern\CompositePattern.csproj", "{3D4DDFE8-5C58-4722-9B8B-4B8694E04160}"
EndProject
Project("{FAE04EC0-301F-11D3-BF4B-00C04F79EFBC}") = "PreparationTest", "PreparationTest\PreparationTest.csproj", "{C6BF20E3-3E5C-4B38-883C-A3048A76CD18}"
EndProject
Project("{FAE04EC0-301F-11D3-BF4B-00C04F79EFBC}") = "DesignPatternsPreparationTest", "DesignPatternsPreparationTest\DesignPatternsPreparationTest.csproj", "{D7729C3E-3529-4A36-8364-4FD68F1FA60E}"
EndProject
Project("{FAE04EC0-301F-11D3-BF4B-00C04F79EFBC}") = "DecoratorPattern", "DecoratorPattern\DecoratorPattern.csproj", "{EE5547CB-7DE0-4FFC-8D7D-F3191D20A3BE}"
EndProject
Project("{FAE04EC0-301F-11D3-BF4B-00C04F79EFBC}") = "ChainOfResponsibilityPattern", "ChainOfResponsibilityPattern\ChainOfResponsibilityPattern.csproj", "{6E1D5249-AB88-43E4-9FDE-49D132A9AC1E}"
EndProject
Global
	GlobalSection(SolutionConfigurationPlatforms) = preSolution
		Debug|Any CPU = Debug|Any CPU
		Release|Any CPU = Release|Any CPU
	EndGlobalSection
	GlobalSection(ProjectConfigurationPlatforms) = postSolution
		{4514EDEC-AC36-419A-B1EC-E0FBC758C2D9}.Debug|Any CPU.ActiveCfg = Debug|Any CPU
		{4514EDEC-AC36-419A-B1EC-E0FBC758C2D9}.Debug|Any CPU.Build.0 = Debug|Any CPU
		{4514EDEC-AC36-419A-B1EC-E0FBC758C2D9}.Release|Any CPU.ActiveCfg = Release|Any CPU
		{4514EDEC-AC36-419A-B1EC-E0FBC758C2D9}.Release|Any CPU.Build.0 = Release|Any CPU
		{947F2BB2-590E-4E4D-AB2E-12BE5FC3FCC6}.Debug|Any CPU.ActiveCfg = Debug|Any CPU
		{947F2BB2-590E-4E4D-AB2E-12BE5FC3FCC6}.Debug|Any CPU.Build.0 = Debug|Any CPU
		{947F2BB2-590E-4E4D-AB2E-12BE5FC3FCC6}.Release|Any CPU.ActiveCfg = Release|Any CPU
		{947F2BB2-590E-4E4D-AB2E-12BE5FC3FCC6}.Release|Any CPU.Build.0 = Release|Any CPU
		{98575CC5-1323-4060-BD41-39D5E1A034BB}.Debug|Any CPU.ActiveCfg = Debug|Any CPU
		{98575CC5-1323-4060-BD41-39D5E1A034BB}.Debug|Any CPU.Build.0 = Debug|Any CPU
		{98575CC5-1323-4060-BD41-39D5E1A034BB}.Release|Any CPU.ActiveCfg = Release|Any CPU
		{98575CC5-1323-4060-BD41-39D5E1A034BB}.Release|Any CPU.Build.0 = Release|Any CPU
		{812492C7-1CFC-4AF8-9399-06EBC3718660}.Debug|Any CPU.ActiveCfg = Debug|Any CPU
		{812492C7-1CFC-4AF8-9399-06EBC3718660}.Debug|Any CPU.Build.0 = Debug|Any CPU
		{812492C7-1CFC-4AF8-9399-06EBC3718660}.Release|Any CPU.ActiveCfg = Release|Any CPU
		{812492C7-1CFC-4AF8-9399-06EBC3718660}.Release|Any CPU.Build.0 = Release|Any CPU
		{0C8A73B2-4B68-4D5E-9CFF-7F6C6AA74B41}.Debug|Any CPU.ActiveCfg = Debug|Any CPU
		{0C8A73B2-4B68-4D5E-9CFF-7F6C6AA74B41}.Debug|Any CPU.Build.0 = Debug|Any CPU
		{0C8A73B2-4B68-4D5E-9CFF-7F6C6AA74B41}.Release|Any CPU.ActiveCfg = Release|Any CPU
		{0C8A73B2-4B68-4D5E-9CFF-7F6C6AA74B41}.Release|Any CPU.Build.0 = Release|Any CPU
		{3D4DDFE8-5C58-4722-9B8B-4B8694E04160}.Debug|Any CPU.ActiveCfg = Debug|Any CPU
		{3D4DDFE8-5C58-4722-9B8B-4B8694E04160}.Debug|Any CPU.Build.0 = Debug|Any CPU
		{3D4DDFE8-5C58-4722-9B8B-4B8694E04160}.Release|Any CPU.ActiveCfg = Release|Any CPU
		{3D4DDFE8-5C58-4722-9B8B-4B8694E04160}.Release|Any CPU.Build.0 = Release|Any CPU
		{C6BF20E3-3E5C-4B38-883C-A3048A76CD18}.Debug|Any CPU.ActiveCfg = Debug|Any CPU
		{C6BF20E3-3E5C-4B38-883C-A3048A76CD18}.Debug|Any CPU.Build.0 = Debug|Any CPU
		{C6BF20E3-3E5C-4B38-883C-A3048A76CD18}.Release|Any CPU.ActiveCfg = Release|Any CPU
		{C6BF20E3-3E5C-4B38-883C-A3048A76CD18}.Release|Any CPU.Build.0 = Release|Any CPU
		{D7729C3E-3529-4A36-8364-4FD68F1FA60E}.Debug|Any CPU.ActiveCfg = Debug|Any CPU
		{D7729C3E-3529-4A36-8364-4FD68F1FA60E}.Debug|Any CPU.Build.0 = Debug|Any CPU
		{D7729C3E-3529-4A36-8364-4FD68F1FA60E}.Release|Any CPU.ActiveCfg = Release|Any CPU
		{D7729C3E-3529-4A36-8364-4FD68F1FA60E}.Release|Any CPU.Build.0 = Release|Any CPU
		{EE5547CB-7DE0-4FFC-8D7D-F3191D20A3BE}.Debug|Any CPU.ActiveCfg = Debug|Any CPU
		{EE5547CB-7DE0-4FFC-8D7D-F3191D20A3BE}.Debug|Any CPU.Build.0 = Debug|Any CPU
		{EE5547CB-7DE0-4FFC-8D7D-F3191D20A3BE}.Release|Any CPU.ActiveCfg = Release|Any CPU
		{EE5547CB-7DE0-4FFC-8D7D-F3191D20A3BE}.Release|Any CPU.Build.0 = Release|Any CPU
		{6E1D5249-AB88-43E4-9FDE-49D132A9AC1E}.Debug|Any CPU.ActiveCfg = Debug|Any CPU
		{6E1D5249-AB88-43E4-9FDE-49D132A9AC1E}.Debug|Any CPU.Build.0 = Debug|Any CPU
		{6E1D5249-AB88-43E4-9FDE-49D132A9AC1E}.Release|Any CPU.ActiveCfg = Release|Any CPU
		{6E1D5249-AB88-43E4-9FDE-49D132A9AC1E}.Release|Any CPU.Build.0 = Release|Any CPU
	EndGlobalSection
	GlobalSection(SolutionProperties) = preSolution
		HideSolutionNode = FALSE
	EndGlobalSection
EndGlobal
